{
  "version": 4,
  "terraform_version": "0.12.9",
  "serial": 18,
  "lineage": "01073e5d-c579-ec5f-a420-8e69fba2d6c4",
  "outputs": {
    "s3_bucket_url": {
      "value": "s3-website-us-west-1.amazonaws.com",
      "type": "string"
    },
    "s3_bucket_url_2": {
      "value": [
        {
          "error_document": "error.html",
          "index_document": "index.html",
          "redirect_all_requests_to": "",
          "routing_rules": ""
        }
      ],
      "type": [
        "list",
        [
          "object",
          {
            "error_document": "string",
            "index_document": "string",
            "redirect_all_requests_to": "string",
            "routing_rules": "string"
          }
        ]
      ]
    },
    "s3_bucket_url_3": {
      "value": "kareem-test-s3-bucket.s3-website-us-west-1.amazonaws.com",
      "type": "string"
    }
  },
  "resources": [
    {
      "mode": "managed",
      "type": "aws_s3_bucket",
      "name": "b",
      "provider": "provider.aws",
      "instances": [
        {
          "schema_version": 0,
          "attributes": {
            "acceleration_status": "",
            "acl": "public-read",
            "arn": "arn:aws:s3:::kareem-test-s3-bucket",
            "bucket": "kareem-test-s3-bucket",
            "bucket_domain_name": "kareem-test-s3-bucket.s3.amazonaws.com",
            "bucket_prefix": null,
            "bucket_regional_domain_name": "kareem-test-s3-bucket.s3.us-west-1.amazonaws.com",
            "cors_rule": [],
            "force_destroy": false,
            "hosted_zone_id": "Z2F56UZL2M1ACD",
            "id": "kareem-test-s3-bucket",
            "lifecycle_rule": [],
            "logging": [],
            "object_lock_configuration": [],
            "policy": "{\"Statement\":[{\"Action\":\"s3:GetObject\",\"Effect\":\"Allow\",\"Principal\":\"*\",\"Resource\":\"arn:aws:s3:::kareem-test-s3-bucket/*\",\"Sid\":\"PublicReadGetObject\"}],\"Version\":\"2012-10-17\"}",
            "region": "us-west-1",
            "replication_configuration": [],
            "request_payer": "BucketOwner",
            "server_side_encryption_configuration": [],
            "tags": {},
            "versioning": [
              {
                "enabled": false,
                "mfa_delete": false
              }
            ],
            "website": [
              {
                "error_document": "error.html",
                "index_document": "index.html",
                "redirect_all_requests_to": "",
                "routing_rules": ""
              }
            ],
            "website_domain": "s3-website-us-west-1.amazonaws.com",
            "website_endpoint": "kareem-test-s3-bucket.s3-website-us-west-1.amazonaws.com"
          },
          "private": "bnVsbA=="
        }
      ]
    },
    {
      "mode": "managed",
      "type": "aws_s3_bucket_object",
      "name": "b_object",
      "provider": "provider.aws",
      "instances": [
        {
          "schema_version": 0,
          "attributes": {
            "acl": "private",
            "bucket": "kareem-test-s3-bucket",
            "cache_control": "",
            "content": null,
            "content_base64": null,
            "content_disposition": "",
            "content_encoding": "",
            "content_language": "",
            "content_type": "binary/octet-stream",
            "etag": "4cacefb87ce23b16add68ee38e81a024",
            "force_destroy": false,
            "id": "index.html",
            "key": "index.html",
            "kms_key_id": null,
            "metadata": {},
            "object_lock_legal_hold_status": "",
            "object_lock_mode": "",
            "object_lock_retain_until_date": "",
            "server_side_encryption": "",
            "source": "../index.html",
            "storage_class": "STANDARD",
            "tags": {},
            "version_id": "",
            "website_redirect": ""
          },
          "private": "bnVsbA==",
          "depends_on": [
            "aws_s3_bucket.b"
          ]
        }
      ]
    }
  ]
}
